<?xml version="1.0" encoding="utf-8"?>
<Project ToolsVersion="4.0" xmlns="http://schemas.microsoft.com/developer/msbuild/2003">
  <ItemGroup>
    <ClInclude Include="framework.h">
      <Filter>Default</Filter>
    </ClInclude>
    <ClInclude Include="GameClient.h">
      <Filter>Default</Filter>
    </ClInclude>
    <ClInclude Include="Resource.h">
      <Filter>Default</Filter>
    </ClInclude>
    <ClInclude Include="targetver.h">
      <Filter>Default</Filter>
    </ClInclude>
    <ClInclude Include="Engine.h">
      <Filter>GameEngine\01.Engine</Filter>
    </ClInclude>
    <ClInclude Include="define.h">
      <Filter>Header</Filter>
    </ClInclude>
    <ClInclude Include="struct.h">
      <Filter>Header</Filter>
    </ClInclude>
    <ClInclude Include="func.h">
      <Filter>Header</Filter>
    </ClInclude>
    <ClInclude Include="enum.h">
      <Filter>Header</Filter>
    </ClInclude>
    <ClInclude Include="global.h">
      <Filter>Header</Filter>
    </ClInclude>
    <ClInclude Include="Device.h">
      <Filter>GameEngine\02.Device</Filter>
    </ClInclude>
    <ClInclude Include="pch.h">
      <Filter>Default</Filter>
    </ClInclude>
    <ClInclude Include="single.h">
      <Filter>Header</Filter>
    </ClInclude>
    <ClInclude Include="SimpleMath.h">
      <Filter>GameEngine\Module</Filter>
    </ClInclude>
    <ClInclude Include="PathMgr.h">
      <Filter>GameEngine\03.Manager\01.PathMgr</Filter>
    </ClInclude>
    <ClInclude Include="TimeMgr.h">
      <Filter>GameEngine\03.Manager\02.TimeMgr</Filter>
    </ClInclude>
    <ClInclude Include="KeyMgr.h">
      <Filter>GameEngine\03.Manager\03.KeyMgr</Filter>
    </ClInclude>
    <ClInclude Include="Entity.h">
      <Filter>GameEngine</Filter>
    </ClInclude>
    <ClInclude Include="Asset.h">
      <Filter>GameEngine\04.Asset</Filter>
    </ClInclude>
    <ClInclude Include="AMesh.h">
      <Filter>GameEngine\04.Asset\01.Mesh</Filter>
    </ClInclude>
    <ClInclude Include="ATexture.h">
      <Filter>GameEngine\04.Asset\02.Texture</Filter>
    </ClInclude>
    <ClInclude Include="AGraphicShader.h">
      <Filter>GameEngine\04.Asset\03.GraphicShader</Filter>
    </ClInclude>
    <ClInclude Include="Ptr.h">
      <Filter>GameEngine\Module</Filter>
    </ClInclude>
    <ClInclude Include="GameObject.h">
      <Filter>GameEngine\05.GameObject</Filter>
    </ClInclude>
    <ClInclude Include="Component.h">
      <Filter>GameEngine\06.Component</Filter>
    </ClInclude>
    <ClInclude Include="CTransform.h">
      <Filter>GameEngine\06.Component\01.Transform</Filter>
    </ClInclude>
    <ClInclude Include="AssetMgr.h">
      <Filter>GameEngine\03.Manager\04.AssetMgr</Filter>
    </ClInclude>
    <ClInclude Include="ConstBuffer.h">
      <Filter>GameEngine\02.Device\ConstBuffer</Filter>
    </ClInclude>
    <ClInclude Include="LevelMgr.h">
      <Filter>GameEngine\03.Manager\05.LevelMgr</Filter>
    </ClInclude>
    <ClInclude Include="ALevel.h">
      <Filter>GameEngine\04.Asset\04.Level</Filter>
    </ClInclude>
    <ClInclude Include="CCamera.h">
      <Filter>GameEngine\06.Component\02.Camera</Filter>
    </ClInclude>
    <ClInclude Include="components.h">
      <Filter>Header</Filter>
    </ClInclude>
    <ClInclude Include="assets.h">
      <Filter>Header</Filter>
    </ClInclude>
    <ClInclude Include="RenderMgr.h">
      <Filter>GameEngine\03.Manager\06.RenderMgr</Filter>
    </ClInclude>
    <ClInclude Include="Layer.h">
      <Filter>GameEngine\04.Asset\04.Level\Layer</Filter>
    </ClInclude>
    <ClInclude Include="AMaterial.h">
      <Filter>GameEngine\04.Asset\05.Material</Filter>
    </ClInclude>
    <ClInclude Include="CRenderComponent.h">
      <Filter>GameEngine\06.Component\RenderComponent</Filter>
    </ClInclude>
    <ClInclude Include="CMeshRender.h">
      <Filter>GameEngine\06.Component\RenderComponent\01.MeshRender</Filter>
    </ClInclude>
    <ClInclude Include="CBillboardRender.h">
      <Filter>GameEngine\06.Component\RenderComponent\02.BillboardRender</Filter>
    </ClInclude>
    <ClInclude Include="TaskMgr.h">
      <Filter>GameEngine\03.Manager\07.TaskMgr</Filter>
    </ClInclude>
    <ClInclude Include="CCollider2D.h">
      <Filter>GameEngine\06.Component\03.Collider</Filter>
    </ClInclude>
    <ClInclude Include="CSpriteRender.h">
      <Filter>GameEngine\06.Component\RenderComponent\03.SpriteRender</Filter>
    </ClInclude>
    <ClInclude Include="ASprite.h">
      <Filter>GameEngine\04.Asset\06.Sprite</Filter>
    </ClInclude>
    <ClInclude Include="CollisionMgr.h">
      <Filter>GameEngine\03.Manager\08.CollisionMgr</Filter>
    </ClInclude>
    <ClInclude Include="ATileMap.h">
      <Filter>GameEngine\04.Asset\08.TileMap</Filter>
    </ClInclude>
    <ClInclude Include="AFlipbook.h">
      <Filter>GameEngine\04.Asset\07.Flipbook</Filter>
    </ClInclude>
    <ClInclude Include="CFlipbookRender.h">
      <Filter>GameEngine\06.Component\RenderComponent\04.FlipbookRender</Filter>
    </ClInclude>
    <ClInclude Include="CTileRender.h">
      <Filter>GameEngine\06.Component\RenderComponent\05.TileRender</Filter>
    </ClInclude>
    <ClInclude Include="CLight2D.h">
      <Filter>GameEngine\06.Component\04.Light2D</Filter>
    </ClInclude>
    <ClInclude Include="ImGui\imconfig.h">
      <Filter>ImGui</Filter>
    </ClInclude>
    <ClInclude Include="ImGui\imgui.h">
      <Filter>ImGui</Filter>
    </ClInclude>
    <ClInclude Include="ImGui\imgui_impl_dx11.h">
      <Filter>ImGui</Filter>
    </ClInclude>
    <ClInclude Include="ImGui\imgui_impl_win32.h">
      <Filter>ImGui</Filter>
    </ClInclude>
    <ClInclude Include="ImGui\imgui_internal.h">
      <Filter>ImGui</Filter>
    </ClInclude>
    <ClInclude Include="ImGui\imstb_rectpack.h">
      <Filter>ImGui</Filter>
    </ClInclude>
    <ClInclude Include="ImGui\imstb_textedit.h">
      <Filter>ImGui</Filter>
    </ClInclude>
    <ClInclude Include="ImGui\imstb_truetype.h">
      <Filter>ImGui</Filter>
    </ClInclude>
    <ClInclude Include="EditorMgr.h">
      <Filter>GameEngine\03.Manager\09.EditorMgr</Filter>
    </ClInclude>
    <ClInclude Include="StructuredBuffer.h">
      <Filter>GameEngine\02.Device\StructuredBuffer</Filter>
    </ClInclude>
    <ClInclude Include="EditorUI.h">
      <Filter>GameEngine\07.EditorUI</Filter>
    </ClInclude>
    <ClInclude Include="Inspector.h">
      <Filter>GameEngine\07.EditorUI\01.Inspector</Filter>
    </ClInclude>
    <ClInclude Include="Outliner.h">
      <Filter>GameEngine\07.EditorUI\02.Outliner</Filter>
    </ClInclude>
    <ClInclude Include="Menu.h">
      <Filter>GameEngine\07.EditorUI\03.Menu</Filter>
    </ClInclude>
    <ClInclude Include="TransformUI.h">
      <Filter>GameEngine\07.EditorUI\04.ComponentUI\01.TransformUI</Filter>
    </ClInclude>
    <ClInclude Include="ComponentUI.h">
      <Filter>GameEngine\07.EditorUI\04.ComponentUI</Filter>
    </ClInclude>
    <ClInclude Include="Collider2DUI.h">
      <Filter>GameEngine\07.EditorUI\04.ComponentUI\02.Collider2DUI</Filter>
    </ClInclude>
    <ClInclude Include="CameraUI.h">
      <Filter>GameEngine\07.EditorUI\04.ComponentUI\03.CameraUI</Filter>
    </ClInclude>
    <ClInclude Include="Light2DUI.h">
      <Filter>GameEngine\07.EditorUI\04.ComponentUI\04.Light2DUI</Filter>
    </ClInclude>
    <ClInclude Include="MeshRenderUI.h">
      <Filter>GameEngine\07.EditorUI\04.ComponentUI\05.MeshRenderUI</Filter>
    </ClInclude>
    <ClInclude Include="SpriteRenderUI.h">
      <Filter>GameEngine\07.EditorUI\04.ComponentUI\06.SpriteRenderUI</Filter>
    </ClInclude>
    <ClInclude Include="TileRenderUI.h">
      <Filter>GameEngine\07.EditorUI\04.ComponentUI\07.TileRenderUI</Filter>
    </ClInclude>
    <ClInclude Include="FlipbookRenderUI.h">
      <Filter>GameEngine\07.EditorUI\04.ComponentUI\08.FlipbookRenderUI</Filter>
    </ClInclude>
    <ClInclude Include="ListUI.h">
      <Filter>GameEngine\07.EditorUI\05.ListUI</Filter>
    </ClInclude>
    <ClInclude Include="ContentUI.h">
      <Filter>GameEngine\07.EditorUI\06.Content</Filter>
    </ClInclude>
    <ClInclude Include="TreeUI.h">
      <Filter>GameEngine\07.EditorUI\07.TreeUI</Filter>
    </ClInclude>
    <ClInclude Include="extern.h">
      <Filter>Header</Filter>
    </ClInclude>
    <ClInclude Include="AssetUI.h">
      <Filter>GameEngine\07.EditorUI\08.AssetUI</Filter>
    </ClInclude>
    <ClInclude Include="MeshUI.h">
      <Filter>GameEngine\07.EditorUI\08.AssetUI\01.MeshUI</Filter>
    </ClInclude>
    <ClInclude Include="MaterialUI.h">
      <Filter>GameEngine\07.EditorUI\08.AssetUI\02.MaterialUI</Filter>
    </ClInclude>
    <ClInclude Include="TextureUI.h">
      <Filter>GameEngine\07.EditorUI\08.AssetUI\03.TextureUI</Filter>
    </ClInclude>
    <ClInclude Include="SoundUI.h">
      <Filter>GameEngine\07.EditorUI\08.AssetUI\04.SoundUI</Filter>
    </ClInclude>
    <ClInclude Include="GraphicShaderUI.h">
      <Filter>GameEngine\07.EditorUI\08.AssetUI\05.GraphicShaderUI</Filter>
    </ClInclude>
    <ClInclude Include="ComputeShaderUI.h">
      <Filter>GameEngine\07.EditorUI\08.AssetUI\06.ComputeShaderUI</Filter>
    </ClInclude>
    <ClInclude Include="LevelUI.h">
      <Filter>GameEngine\07.EditorUI\08.AssetUI\07.LevelUI</Filter>
    </ClInclude>
    <ClInclude Include="SpriteUI.h">
      <Filter>GameEngine\07.EditorUI\08.AssetUI\08.SpriteUI</Filter>
    </ClInclude>
    <ClInclude Include="FlipbookUI.h">
      <Filter>GameEngine\07.EditorUI\08.AssetUI\09.FlipbookUI</Filter>
    </ClInclude>
    <ClInclude Include="TileMapUI.h">
      <Filter>GameEngine\07.EditorUI\08.AssetUI\10.TileMapUI</Filter>
    </ClInclude>
    <ClInclude Include="PrefabUI.h">
      <Filter>GameEngine\07.EditorUI\08.AssetUI\11.PrefabUI</Filter>
    </ClInclude>
    <ClInclude Include="CEditorCamMoveScript.h">
      <Filter>GameEngine\03.Manager\09.EditorMgr</Filter>
    </ClInclude>
    <ClInclude Include="CScript.h">
      <Filter>GameEngine\06.Component\Script</Filter>
    </ClInclude>
    <ClInclude Include="Source\ScriptMgr.h">
      <Filter>Source\ScriptMgr</Filter>
    </ClInclude>
    <ClInclude Include="Source\Scripts\CCamMoveScript.h">
      <Filter>Source\Scripts</Filter>
    </ClInclude>
    <ClInclude Include="Source\Scripts\CMissileScript.h">
      <Filter>Source\Scripts</Filter>
    </ClInclude>
    <ClInclude Include="Source\Scripts\CMonsterScript.h">
      <Filter>Source\Scripts</Filter>
    </ClInclude>
    <ClInclude Include="Source\Scripts\CJumpState.h">
      <Filter>Source\Scripts\02.Cookie\State\Jump</Filter>
    </ClInclude>
    <ClInclude Include="Source\Scripts\CRunState.h">
      <Filter>Source\Scripts\02.Cookie\State\Run</Filter>
    </ClInclude>
    <ClInclude Include="Source\Scripts\CStateMachine.h">
      <Filter>Source\Scripts\02.Cookie\State</Filter>
    </ClInclude>
    <ClInclude Include="Source\Scripts\CLandState.h">
      <Filter>Source\Scripts\02.Cookie\State\Land</Filter>
    </ClInclude>
    <ClInclude Include="Source\Scripts\CDoubleJumpState.h">
      <Filter>Source\Scripts\02.Cookie\State\Jump</Filter>
    </ClInclude>
    <ClInclude Include="ScriptUI.h">
      <Filter>GameEngine\07.EditorUI\08.AssetUI\12.ScriptUI</Filter>
    </ClInclude>
    <ClInclude Include="APrefab.h">
      <Filter>GameEngine\04.Asset\09.Prefab</Filter>
    </ClInclude>
    <ClInclude Include="Source\Scripts\CMovingPlatformScirpt.h">
      <Filter>Source\Scripts\01.Tile</Filter>
    </ClInclude>
    <ClInclude Include="Source\Scripts\CScrollScript.h">
      <Filter>Source\Scripts\03.Scroll</Filter>
    </ClInclude>
    <ClInclude Include="Source\Scripts\CSlideState.h">
      <Filter>Source\Scripts\02.Cookie\State\Slide</Filter>
    </ClInclude>
    <ClInclude Include="CollisionMatrixUI.h">
      <Filter>GameEngine\07.EditorUI\08.AssetUI\13.CollisionMatrixUI</Filter>
    </ClInclude>
    <ClInclude Include="Source\Scripts\CJellyScript.h">
      <Filter>Source\Scripts\04.Jelly</Filter>
    </ClInclude>
    <ClInclude Include="Source\Scripts\CGamePlaySpawnScript.h">
      <Filter>Source\Scripts</Filter>
    </ClInclude>
    <ClInclude Include="AStageData.h">
      <Filter>GameEngine\04.Asset\10.StageData</Filter>
    </ClInclude>
    <ClInclude Include="GamePlayMgr.h">
      <Filter>GameEngine\03.Manager\10.GamePlayMgr</Filter>
    </ClInclude>
    <ClInclude Include="StageDataUI.h">
      <Filter>GameEngine\07.EditorUI\08.AssetUI\14.StageDataUI</Filter>
    </ClInclude>
    <ClInclude Include="ObjectPoolMgr.h">
      <Filter>GameEngine\03.Manager\11.ObjectPoolMgr</Filter>
    </ClInclude>
    <ClInclude Include="ObjectPool.h">
      <Filter>GameEngine\03.Manager\11.ObjectPoolMgr</Filter>
    </ClInclude>
    <ClInclude Include="Source\Scripts\CWorldScrollScript.h">
      <Filter>Source\Scripts\03.Scroll</Filter>
    </ClInclude>
    <ClInclude Include="Source\Scripts\CEffectScript.h">
      <Filter>Source\Scripts\05.Effect</Filter>
    </ClInclude>
    <ClInclude Include="Source\Scripts\CEnemy.h">
      <Filter>Source\Scripts\06.Obstruct</Filter>
    </ClInclude>
    <ClInclude Include="Source\Scripts\CStaticObstacle.h">
      <Filter>Source\Scripts\06.Obstruct\1.Static</Filter>
    </ClInclude>
    <ClInclude Include="Source\Scripts\CHitState.h">
      <Filter>Source\Scripts\02.Cookie\State\Hit</Filter>
    </ClInclude>
    <ClInclude Include="Source\Scripts\CParabolicObstacle.h">
      <Filter>Source\Scripts\06.Obstruct\2.Parabolic</Filter>
    </ClInclude>
    <ClInclude Include="Source\Scripts\CObstructScript.h">
      <Filter>Source\Scripts\06.Obstruct</Filter>
    </ClInclude>
    <ClInclude Include="Source\Scripts\CLinearObstacle.h">
      <Filter>Source\Scripts\06.Obstruct\3.Linear</Filter>
    </ClInclude>
    <ClInclude Include="Source\Scripts\CPendulumObstacle.h">
      <Filter>Source\Scripts\06.Obstruct\4.Parabolic</Filter>
    </ClInclude>
    <ClInclude Include="Source\Scripts\CPlayerScript.h">
      <Filter>Source\Scripts\02.Cookie</Filter>
    </ClInclude>
    <ClInclude Include="Source\Scripts\CStaticPlatformScript.h">
      <Filter>Source\Scripts\01.Tile</Filter>
    </ClInclude>
    <ClInclude Include="Source\Scripts\CJumpButtonScript.h">
      <Filter>Source\Scripts\07.UI\GamePlayUI\01.Button\Jump</Filter>
    </ClInclude>
    <ClInclude Include="Source\Scripts\CUIButtonScript.h">
      <Filter>Source\Scripts\07.UI\GamePlayUI\01.Button</Filter>
    </ClInclude>
    <ClInclude Include="Source\Scripts\CSlideButtonScript.h">
      <Filter>Source\Scripts\07.UI\GamePlayUI\01.Button\Slide</Filter>
    </ClInclude>
    <ClInclude Include="Source\Scripts\CGamePlayUIScript.h">
      <Filter>Source\Scripts\07.UI\GamePlayUI</Filter>
    </ClInclude>
    <ClInclude Include="Source\Scripts\CLycheeScript.h">
      <Filter>Source\Scripts\02.Cookie\Character\CLychee</Filter>
    </ClInclude>
    <ClInclude Include="Source\Scripts\CTimeKeeperScript.h">
      <Filter>Source\Scripts\02.Cookie\Character\TimeKeeper</Filter>
    </ClInclude>
    <ClInclude Include="FontMgr.h">
      <Filter>GameEngine\03.Manager\12.FontMgr</Filter>
    </ClInclude>
    <ClInclude Include="Source\Scripts\CHPBarScript.h">
      <Filter>Source\Scripts\07.UI\GamePlayUI\02.HP</Filter>
    </ClInclude>
    <ClInclude Include="Source\Scripts\CCookieSkillScript.h">
      <Filter>Source\Scripts\02.Cookie\Character</Filter>
    </ClInclude>
    <ClInclude Include="Source\Scripts\CScoreUIScript.h">
      <Filter>Source\Scripts\07.UI\GamePlayUI\03.Score</Filter>
    </ClInclude>
    <ClInclude Include="Source\Scripts\CItemScript.h">
      <Filter>Source\Scripts\08.Item</Filter>
    </ClInclude>
    <ClInclude Include="Source\Scripts\CDeadState.h">
      <Filter>Source\Scripts\02.Cookie\State\Dead</Filter>
    </ClInclude>
    <ClInclude Include="Source\Scripts\CFallState.h">
      <Filter>Source\Scripts\02.Cookie\State\Fall</Filter>
    </ClInclude>
    <ClInclude Include="Source\Scripts\CFlipbookClickScript.h">
      <Filter>Source\Scripts\07.UI\LobbyUI</Filter>
    </ClInclude>
    <ClInclude Include="Source\Scripts\CPausePanelScript.h">
      <Filter>Source\Scripts\07.UI\GamePlayUI\01.Button</Filter>
    </ClInclude>
    <ClInclude Include="Source\Scripts\CPauseButtonScript.h">
      <Filter>Source\Scripts\07.UI\GamePlayUI\01.Button\Pause</Filter>
    </ClInclude>
    <ClInclude Include="Source\Scripts\CQuitButtonScript.h">
      <Filter>Source\Scripts\07.UI\GamePlayUI\01.Button\Quit</Filter>
    </ClInclude>
    <ClInclude Include="Source\Scripts\CRestartButtonScript.h">
      <Filter>Source\Scripts\07.UI\GamePlayUI\01.Button\Restart</Filter>
    </ClInclude>
    <ClInclude Include="Source\Scripts\CResumeButtonScript.h">
      <Filter>Source\Scripts\07.UI\GamePlayUI\01.Button\Resume</Filter>
    </ClInclude>
    <ClInclude Include="Source\Scripts\CSceneChangeButtonScript.h">
      <Filter>Source\Scripts\07.UI\GamePlayUI\01.Button\SceneChange</Filter>
    </ClInclude>
    <ClInclude Include="Source\Scripts\CTextUIScript.h">
      <Filter>Source\Scripts\07.UI\GamePlayUI\04.Text</Filter>
    </ClInclude>
    <ClInclude Include="GameDataMgr.h">
      <Filter>GameEngine\03.Manager\13.GameData</Filter>
    </ClInclude>
    <ClInclude Include="SceneFlowMgr.h">
      <Filter>GameEngine\03.Manager\14.SceneFlow</Filter>
    </ClInclude>
    <ClInclude Include="Source\Scripts\CBGScrollScript.h">
      <Filter>Source\Scripts\09.BackGround</Filter>
    </ClInclude>
    <ClInclude Include="Source\Scripts\CSkillBGScript.h">
      <Filter>Source\Scripts\09.BackGround</Filter>
    </ClInclude>
    <ClInclude Include="Source\Scripts\CSkillBGEffectScript.h">
      <Filter>Source\Scripts\05.Effect</Filter>
    </ClInclude>
    <ClInclude Include="Source\Scripts\CHitEffectScript.h">
      <Filter>Source\Scripts\05.Effect</Filter>
    </ClInclude>
    <ClInclude Include="Source\Scripts\CTimeKeeperBGEffectScript.h">
      <Filter>Source\Scripts\05.Effect</Filter>
    </ClInclude>
    <ClInclude Include="ASound.h" />
    <ClInclude Include="Source\Scripts\CCharSelectBtnScript.h" />
    <ClInclude Include="Source\Scripts\CShockWaveScript.h">
      <Filter>Source\Scripts\05.Effect</Filter>
    </ClInclude>
    <ClInclude Include="CParticleRender.h">
      <Filter>GameEngine\06.Component\RenderComponent\06.CParticleRender</Filter>
    </ClInclude>
    <ClInclude Include="AComputeShader.h">
      <Filter>GameEngine\04.Asset\11.ComputeShader</Filter>
    </ClInclude>
    <ClInclude Include="AParticleTickCS.h">
      <Filter>GameEngine\04.Asset\11.ComputeShader</Filter>
    </ClInclude>
  </ItemGroup>
  <ItemGroup>
    <Image Include="GameClient.ico">
      <Filter>Default</Filter>
    </Image>
    <Image Include="small.ico">
      <Filter>Default</Filter>
    </Image>
  </ItemGroup>
  <ItemGroup>
    <Filter Include="Default">
      <UniqueIdentifier>{aa812f3a-ffef-448f-aeb6-9917c0ae4cb1}</UniqueIdentifier>
    </Filter>
    <Filter Include="Header">
      <UniqueIdentifier>{1a569d13-7c7b-4198-9822-6af44d8feadd}</UniqueIdentifier>
    </Filter>
    <Filter Include="GameEngine">
      <UniqueIdentifier>{c1c45e06-730b-4619-a817-46bb7bcf81ed}</UniqueIdentifier>
    </Filter>
    <Filter Include="GameEngine\01.Engine">
      <UniqueIdentifier>{683ee632-c142-436e-aa69-06cceb5a3af8}</UniqueIdentifier>
    </Filter>
    <Filter Include="GameEngine\02.Device">
      <UniqueIdentifier>{c4ce03eb-f43c-4e9c-879e-0d470aff142e}</UniqueIdentifier>
    </Filter>
    <Filter Include="GameEngine\Module">
      <UniqueIdentifier>{0b51f9f6-362c-484f-9c54-16890475378a}</UniqueIdentifier>
    </Filter>
    <Filter Include="HLSL">
      <UniqueIdentifier>{860174a4-6eea-4657-b181-4dda830bbe14}</UniqueIdentifier>
    </Filter>
    <Filter Include="GameEngine\03.Manager">
      <UniqueIdentifier>{217b17fa-debb-4460-b355-f6b6f251b042}</UniqueIdentifier>
    </Filter>
    <Filter Include="GameEngine\03.Manager\01.PathMgr">
      <UniqueIdentifier>{cb011451-5e52-4778-8388-c0fc24053192}</UniqueIdentifier>
    </Filter>
    <Filter Include="GameEngine\03.Manager\03.KeyMgr">
      <UniqueIdentifier>{cbfdc35e-74e4-4c29-8fb7-fbdb74a88ad3}</UniqueIdentifier>
    </Filter>
    <Filter Include="GameEngine\03.Manager\02.TimeMgr">
      <UniqueIdentifier>{7faefe4a-c4ff-4e20-b994-76a09ddbd75f}</UniqueIdentifier>
    </Filter>
    <Filter Include="GameEngine\04.Asset">
      <UniqueIdentifier>{8079138a-f260-4368-946b-4523c7ad2d63}</UniqueIdentifier>
    </Filter>
    <Filter Include="GameEngine\04.Asset\01.Mesh">
      <UniqueIdentifier>{5de8ebb5-0bf3-4e42-80d6-8df1edc0a2e0}</UniqueIdentifier>
    </Filter>
    <Filter Include="GameEngine\04.Asset\02.Texture">
      <UniqueIdentifier>{b987fb6b-1de9-4590-84e8-e9f22cf2c571}</UniqueIdentifier>
    </Filter>
    <Filter Include="GameEngine\04.Asset\03.GraphicShader">
      <UniqueIdentifier>{43be4e2c-e356-4e01-97ab-b6612be63523}</UniqueIdentifier>
    </Filter>
    <Filter Include="GameEngine\05.GameObject">
      <UniqueIdentifier>{49088f20-16a3-4296-89d8-cac8cdfba895}</UniqueIdentifier>
    </Filter>
    <Filter Include="GameEngine\06.Component">
      <UniqueIdentifier>{5d87352e-f9ac-4ee7-9e6e-e43e8a28f262}</UniqueIdentifier>
    </Filter>
    <Filter Include="GameEngine\06.Component\01.Transform">
      <UniqueIdentifier>{73ed5990-a130-40d2-883f-11be478aa4a0}</UniqueIdentifier>
    </Filter>
    <Filter Include="GameEngine\06.Component\Script">
      <UniqueIdentifier>{e6681289-19e6-471b-a6aa-032fecb81585}</UniqueIdentifier>
    </Filter>
    <Filter Include="GameEngine\03.Manager\04.AssetMgr">
      <UniqueIdentifier>{f853cc5a-a254-467b-95c8-9ed8f26b176a}</UniqueIdentifier>
    </Filter>
    <Filter Include="GameEngine\02.Device\ConstBuffer">
      <UniqueIdentifier>{3186749b-a5b4-4864-8491-daa5d1df5137}</UniqueIdentifier>
    </Filter>
    <Filter Include="GameEngine\03.Manager\05.LevelMgr">
      <UniqueIdentifier>{47b9bc2a-d678-4e6c-8d8f-221c15066202}</UniqueIdentifier>
    </Filter>
    <Filter Include="GameEngine\04.Asset\04.Level">
      <UniqueIdentifier>{46897f7b-532f-4b58-8283-559925b9723d}</UniqueIdentifier>
    </Filter>
    <Filter Include="GameEngine\04.Asset\04.Level\Layer">
      <UniqueIdentifier>{7fb47299-7e29-460c-9fa5-72746ab3e387}</UniqueIdentifier>
    </Filter>
    <Filter Include="GameEngine\03.Manager\06.RenderMgr">
      <UniqueIdentifier>{33a679b0-98d7-494f-8fcc-edcea923bbcf}</UniqueIdentifier>
    </Filter>
    <Filter Include="GameEngine\04.Asset\05.Material">
      <UniqueIdentifier>{8677a8e3-92dc-402d-ad7d-9696543001bc}</UniqueIdentifier>
    </Filter>
    <Filter Include="HLSL\1.Header">
      <UniqueIdentifier>{89f5a017-0209-42f6-ad14-646c2394c4aa}</UniqueIdentifier>
    </Filter>
    <Filter Include="GameEngine\06.Component\02.Camera">
      <UniqueIdentifier>{8affb75f-61cc-4044-96e5-945a7497d99e}</UniqueIdentifier>
    </Filter>
    <Filter Include="GameEngine\06.Component\RenderComponent">
      <UniqueIdentifier>{15061785-587e-4c9b-8eff-6b9518dbd148}</UniqueIdentifier>
    </Filter>
    <Filter Include="GameEngine\06.Component\RenderComponent\01.MeshRender">
      <UniqueIdentifier>{de2b7dd7-d6c2-4049-8c7b-eb9484dfe76f}</UniqueIdentifier>
    </Filter>
    <Filter Include="GameEngine\06.Component\RenderComponent\02.BillboardRender">
      <UniqueIdentifier>{c4c4187d-bc88-485e-9c90-ddc38c9ec9d3}</UniqueIdentifier>
    </Filter>
    <Filter Include="HLSL\Render">
      <UniqueIdentifier>{7b20afb6-cbd7-49e7-a91f-dc7a7240768f}</UniqueIdentifier>
    </Filter>
    <Filter Include="HLSL\Render\2.2D">
      <UniqueIdentifier>{1fcf6056-01c0-4317-a10a-3664d63892f8}</UniqueIdentifier>
    </Filter>
    <Filter Include="GameEngine\03.Manager\07.TaskMgr">
      <UniqueIdentifier>{20b27426-e850-4df6-9cc4-edb8dcaf418c}</UniqueIdentifier>
    </Filter>
    <Filter Include="GameEngine\06.Component\03.Collider">
      <UniqueIdentifier>{158572c7-0074-45ad-a5d8-86c10f929b53}</UniqueIdentifier>
    </Filter>
    <Filter Include="GameEngine\06.Component\RenderComponent\03.SpriteRender">
      <UniqueIdentifier>{b0f41846-6e08-44c5-8e9d-66fe32d62ffa}</UniqueIdentifier>
    </Filter>
    <Filter Include="GameEngine\04.Asset\06.Sprite">
      <UniqueIdentifier>{fb2d47d4-8de0-4c0b-909e-c2f55d33f747}</UniqueIdentifier>
    </Filter>
    <Filter Include="GameEngine\03.Manager\08.CollisionMgr">
      <UniqueIdentifier>{6f2ccd8e-7fb8-449f-bce3-bfa8b8fdbed8}</UniqueIdentifier>
    </Filter>
    <Filter Include="GameEngine\04.Asset\07.Flipbook">
      <UniqueIdentifier>{f24c4bba-1cad-43b3-a545-ec8ef359b8e1}</UniqueIdentifier>
    </Filter>
    <Filter Include="GameEngine\04.Asset\08.TileMap">
      <UniqueIdentifier>{56a30640-d40a-4415-98c9-986502229556}</UniqueIdentifier>
    </Filter>
    <Filter Include="GameEngine\06.Component\RenderComponent\04.FlipbookRender">
      <UniqueIdentifier>{907b9515-6611-4415-a76f-b802738ff8f6}</UniqueIdentifier>
    </Filter>
    <Filter Include="GameEngine\06.Component\RenderComponent\05.TileRender">
      <UniqueIdentifier>{02fae36f-0979-4359-b243-f9a2d1784cd6}</UniqueIdentifier>
    </Filter>
    <Filter Include="GameEngine\02.Device\StructuredBuffer">
      <UniqueIdentifier>{f53cdb2a-d30e-453f-9f41-396dc2f52348}</UniqueIdentifier>
    </Filter>
    <Filter Include="GameEngine\06.Component\04.Light2D">
      <UniqueIdentifier>{b0b5c3bc-ab39-494d-9556-12a859eabbaf}</UniqueIdentifier>
    </Filter>
    <Filter Include="ImGui">
      <UniqueIdentifier>{1417ace8-4665-4c41-9f2d-d760234fdad9}</UniqueIdentifier>
    </Filter>
    <Filter Include="GameEngine\03.Manager\09.EditorMgr">
      <UniqueIdentifier>{09a9f710-e61d-46cf-b82d-ed74f1669df3}</UniqueIdentifier>
    </Filter>
    <Filter Include="GameEngine\07.EditorUI">
      <UniqueIdentifier>{48cc9529-a808-46d3-803e-eeb16ac41816}</UniqueIdentifier>
    </Filter>
    <Filter Include="GameEngine\07.EditorUI\01.Inspector">
      <UniqueIdentifier>{b973b834-d4bf-4e29-a1e2-6f0afd775595}</UniqueIdentifier>
    </Filter>
    <Filter Include="GameEngine\07.EditorUI\02.Outliner">
      <UniqueIdentifier>{1dacca57-4ccf-4a68-9631-8a5df087b5c2}</UniqueIdentifier>
    </Filter>
    <Filter Include="GameEngine\07.EditorUI\03.Menu">
      <UniqueIdentifier>{375a74e1-0739-4b01-9719-030adee92edd}</UniqueIdentifier>
    </Filter>
    <Filter Include="GameEngine\07.EditorUI\04.ComponentUI">
      <UniqueIdentifier>{cc4f3e02-da4f-461c-91d8-451dcb405887}</UniqueIdentifier>
    </Filter>
    <Filter Include="GameEngine\07.EditorUI\04.ComponentUI\01.TransformUI">
      <UniqueIdentifier>{87dd9148-af35-42ee-a9e6-2edc45bb2ba0}</UniqueIdentifier>
    </Filter>
    <Filter Include="GameEngine\07.EditorUI\04.ComponentUI\02.Collider2DUI">
      <UniqueIdentifier>{152fb33b-bf79-4893-b3fe-80cc2f7b13f6}</UniqueIdentifier>
    </Filter>
    <Filter Include="GameEngine\07.EditorUI\04.ComponentUI\03.CameraUI">
      <UniqueIdentifier>{8f72291b-0209-47c4-9cc6-aad74db013b2}</UniqueIdentifier>
    </Filter>
    <Filter Include="GameEngine\07.EditorUI\04.ComponentUI\04.Light2DUI">
      <UniqueIdentifier>{a593fb6e-df45-4f91-a4ff-a45d2d95292c}</UniqueIdentifier>
    </Filter>
    <Filter Include="GameEngine\07.EditorUI\04.ComponentUI\05.MeshRenderUI">
      <UniqueIdentifier>{69c771e9-20d8-43b9-8772-a260886306e9}</UniqueIdentifier>
    </Filter>
    <Filter Include="GameEngine\07.EditorUI\04.ComponentUI\06.SpriteRenderUI">
      <UniqueIdentifier>{314e1b38-ac8c-428c-8e24-f681de2eb9f2}</UniqueIdentifier>
    </Filter>
    <Filter Include="GameEngine\07.EditorUI\04.ComponentUI\07.TileRenderUI">
      <UniqueIdentifier>{f56ec5e6-b2f4-4958-be9e-3c9c7c7aa6fb}</UniqueIdentifier>
    </Filter>
    <Filter Include="GameEngine\07.EditorUI\04.ComponentUI\08.FlipbookRenderUI">
      <UniqueIdentifier>{8378d9ea-9e18-4791-ae1a-07888006a893}</UniqueIdentifier>
    </Filter>
    <Filter Include="GameEngine\07.EditorUI\05.ListUI">
      <UniqueIdentifier>{55430b08-befc-4de3-b2c0-2e33c875950b}</UniqueIdentifier>
    </Filter>
    <Filter Include="GameEngine\07.EditorUI\06.Content">
      <UniqueIdentifier>{c19449c1-d1e3-4869-8afa-864d75c1453f}</UniqueIdentifier>
    </Filter>
    <Filter Include="GameEngine\07.EditorUI\07.TreeUI">
      <UniqueIdentifier>{60e02f87-bc05-4ca4-8d8c-4c7de108e4b8}</UniqueIdentifier>
    </Filter>
    <Filter Include="GameEngine\07.EditorUI\08.AssetUI">
      <UniqueIdentifier>{67bcf767-c809-4fc9-840f-175ac4b7ce50}</UniqueIdentifier>
    </Filter>
    <Filter Include="GameEngine\07.EditorUI\08.AssetUI\01.MeshUI">
      <UniqueIdentifier>{fe986b85-172e-4a2c-a72a-7e334ad12f31}</UniqueIdentifier>
    </Filter>
    <Filter Include="GameEngine\07.EditorUI\08.AssetUI\02.MaterialUI">
      <UniqueIdentifier>{4a100930-63e6-4c74-a75d-55e70579e44f}</UniqueIdentifier>
    </Filter>
    <Filter Include="GameEngine\07.EditorUI\08.AssetUI\03.TextureUI">
      <UniqueIdentifier>{989cd7ba-cc56-4284-80e8-6bf61d349703}</UniqueIdentifier>
    </Filter>
    <Filter Include="GameEngine\07.EditorUI\08.AssetUI\04.SoundUI">
      <UniqueIdentifier>{275a0e74-2bdf-4b1f-84ae-b83e2ecf18a8}</UniqueIdentifier>
    </Filter>
    <Filter Include="GameEngine\07.EditorUI\08.AssetUI\05.GraphicShaderUI">
      <UniqueIdentifier>{d41b2e68-06e5-4d74-ae17-48e0fc12efdc}</UniqueIdentifier>
    </Filter>
    <Filter Include="GameEngine\07.EditorUI\08.AssetUI\06.ComputeShaderUI">
      <UniqueIdentifier>{d70ee53c-e191-42f1-b20e-8e95511c4085}</UniqueIdentifier>
    </Filter>
    <Filter Include="GameEngine\07.EditorUI\08.AssetUI\07.LevelUI">
      <UniqueIdentifier>{dcd7536a-ee3d-447b-883d-eb874a4be53b}</UniqueIdentifier>
    </Filter>
    <Filter Include="GameEngine\07.EditorUI\08.AssetUI\08.SpriteUI">
      <UniqueIdentifier>{2245431b-6122-4f46-8a97-81cb10165dfa}</UniqueIdentifier>
    </Filter>
    <Filter Include="GameEngine\07.EditorUI\08.AssetUI\09.FlipbookUI">
      <UniqueIdentifier>{e1294bf2-d769-4e45-bc72-7e17b844399c}</UniqueIdentifier>
    </Filter>
    <Filter Include="GameEngine\07.EditorUI\08.AssetUI\10.TileMapUI">
      <UniqueIdentifier>{336bce85-ebb4-4a3f-943a-a26dbeb80952}</UniqueIdentifier>
    </Filter>
    <Filter Include="GameEngine\07.EditorUI\08.AssetUI\11.PrefabUI">
      <UniqueIdentifier>{795ff18d-9c1a-49e0-a3fe-3cd53e82021f}</UniqueIdentifier>
    </Filter>
    <Filter Include="Source">
      <UniqueIdentifier>{74fe8c59-c1aa-44ca-a8c2-163ecfaf98b6}</UniqueIdentifier>
    </Filter>
    <Filter Include="Source\Scripts">
      <UniqueIdentifier>{8c3d3d81-526d-4fa5-8203-a817b3707d36}</UniqueIdentifier>
    </Filter>
    <Filter Include="Source\Scripts\02.Cookie">
      <UniqueIdentifier>{5b7d80c3-2540-45d2-8fd2-dd7851733f26}</UniqueIdentifier>
    </Filter>
    <Filter Include="Source\Scripts\02.Cookie\State">
      <UniqueIdentifier>{823059d4-55fa-4fdf-ab41-e23f293f1b66}</UniqueIdentifier>
    </Filter>
    <Filter Include="Source\Scripts\02.Cookie\State\Run">
      <UniqueIdentifier>{47d3a4e2-1df1-4e7d-bafa-c928c0f822c6}</UniqueIdentifier>
    </Filter>
    <Filter Include="Source\Scripts\02.Cookie\State\Jump">
      <UniqueIdentifier>{22ae86df-667a-4b4a-b645-56cddbc556d7}</UniqueIdentifier>
    </Filter>
    <Filter Include="Source\Scripts\01.Tile">
      <UniqueIdentifier>{d439be47-409c-4ca2-80f2-8d8212bfe46f}</UniqueIdentifier>
    </Filter>
    <Filter Include="Source\ScriptMgr">
      <UniqueIdentifier>{77b3cb4d-5892-42e0-a0a3-319b97c1b5bd}</UniqueIdentifier>
    </Filter>
    <Filter Include="Source\Scripts\02.Cookie\State\Land">
      <UniqueIdentifier>{fa865398-a768-4c3a-94b8-b2ade79c77db}</UniqueIdentifier>
    </Filter>
    <Filter Include="GameEngine\07.EditorUI\08.AssetUI\12.ScriptUI">
      <UniqueIdentifier>{33fc54f1-e65a-41b5-aeab-ff01ce8860f9}</UniqueIdentifier>
    </Filter>
    <Filter Include="GameEngine\04.Asset\09.Prefab">
      <UniqueIdentifier>{6dffe48c-ceae-4962-b020-60d4317385f1}</UniqueIdentifier>
    </Filter>
    <Filter Include="Source\Scripts\03.Scroll">
      <UniqueIdentifier>{60183a4c-ec4d-4a80-a387-dd0cff19ff51}</UniqueIdentifier>
    </Filter>
    <Filter Include="Source\Scripts\02.Cookie\State\Slide">
      <UniqueIdentifier>{31363dd5-96c3-4483-8319-3127659bf244}</UniqueIdentifier>
    </Filter>
    <Filter Include="GameEngine\07.EditorUI\08.AssetUI\13.CollisionMatrixUI">
      <UniqueIdentifier>{f62a6b06-7800-4ae1-bdc4-c7c4f478a33f}</UniqueIdentifier>
    </Filter>
    <Filter Include="Source\Scripts\04.Jelly">
      <UniqueIdentifier>{73138ace-a045-4075-88d8-d9f9a6108a16}</UniqueIdentifier>
    </Filter>
    <Filter Include="GameEngine\04.Asset\10.StageData">
      <UniqueIdentifier>{370add23-15b3-440c-b40a-d1d23fac6d04}</UniqueIdentifier>
    </Filter>
    <Filter Include="GameEngine\03.Manager\10.GamePlayMgr">
      <UniqueIdentifier>{30583cca-619e-4907-af93-942eb1d5acc2}</UniqueIdentifier>
    </Filter>
    <Filter Include="GameEngine\07.EditorUI\08.AssetUI\14.StageDataUI">
      <UniqueIdentifier>{79832a87-9af8-4155-b327-deee3f171da0}</UniqueIdentifier>
    </Filter>
    <Filter Include="GameEngine\03.Manager\11.ObjectPoolMgr">
      <UniqueIdentifier>{bb31ad74-95c9-4d7b-ab64-ccfe1b00805e}</UniqueIdentifier>
    </Filter>
    <Filter Include="Source\Scripts\05.Effect">
      <UniqueIdentifier>{99460dc9-bbba-4ccb-91e9-9678d43c116b}</UniqueIdentifier>
    </Filter>
    <Filter Include="Source\Scripts\06.Obstruct">
      <UniqueIdentifier>{4f27977b-1743-4d11-abba-68b866ec8bdc}</UniqueIdentifier>
    </Filter>
    <Filter Include="Source\Scripts\06.Obstruct\1.Static">
      <UniqueIdentifier>{527ee274-cff9-4347-81d6-d08feb2b3d0e}</UniqueIdentifier>
    </Filter>
    <Filter Include="Source\Scripts\02.Cookie\State\Hit">
      <UniqueIdentifier>{06ce0b97-0381-49e4-81af-67956f5878d3}</UniqueIdentifier>
    </Filter>
    <Filter Include="Source\Scripts\06.Obstruct\2.Parabolic">
      <UniqueIdentifier>{f20d9027-391b-4ac9-ab4c-8a3fcae25498}</UniqueIdentifier>
    </Filter>
    <Filter Include="Source\Scripts\06.Obstruct\3.Linear">
      <UniqueIdentifier>{adb8e0d4-4509-4884-8e03-a610dffc239b}</UniqueIdentifier>
    </Filter>
    <Filter Include="Source\Scripts\06.Obstruct\4.Parabolic">
      <UniqueIdentifier>{84f1f6cd-7e64-46f1-94d5-9a16fe5dadef}</UniqueIdentifier>
    </Filter>
    <Filter Include="Source\Scripts\07.UI">
      <UniqueIdentifier>{01f5b568-fb65-4621-9a68-5b44be36f1f0}</UniqueIdentifier>
    </Filter>
    <Filter Include="Source\Scripts\07.UI\GamePlayUI">
      <UniqueIdentifier>{02ecd674-2df3-4845-8e89-3d4d382a09ce}</UniqueIdentifier>
    </Filter>
    <Filter Include="Source\Scripts\07.UI\GamePlayUI\01.Button">
      <UniqueIdentifier>{94d4b9a7-94b6-4725-bdb1-8e3aea6fdc30}</UniqueIdentifier>
    </Filter>
    <Filter Include="Source\Scripts\07.UI\GamePlayUI\01.Button\Jump">
      <UniqueIdentifier>{cbd34df2-5536-49d1-9a01-a50dffef3478}</UniqueIdentifier>
    </Filter>
    <Filter Include="Source\Scripts\07.UI\GamePlayUI\01.Button\Slide">
      <UniqueIdentifier>{622d585b-347f-4d34-b006-06e762a9dc0e}</UniqueIdentifier>
    </Filter>
    <Filter Include="Source\Scripts\02.Cookie\Character">
      <UniqueIdentifier>{f40522c1-3d37-45b0-bd3d-4413f0e5c127}</UniqueIdentifier>
    </Filter>
    <Filter Include="Source\Scripts\02.Cookie\Character\CLychee">
      <UniqueIdentifier>{c4ddfde7-c1fc-4eda-919e-0ba1e5d0e8ed}</UniqueIdentifier>
    </Filter>
    <Filter Include="Source\Scripts\02.Cookie\Character\TimeKeeper">
      <UniqueIdentifier>{34775c9e-1e3e-4e5c-85d8-e758bc69e276}</UniqueIdentifier>
    </Filter>
    <Filter Include="GameEngine\03.Manager\12.FontMgr">
      <UniqueIdentifier>{19d194e1-eb5a-4639-aae4-6c8ebc2e0b56}</UniqueIdentifier>
    </Filter>
    <Filter Include="Source\Scripts\07.UI\GamePlayUI\02.HP">
      <UniqueIdentifier>{36de6782-aa37-4779-957b-fd47004e13a0}</UniqueIdentifier>
    </Filter>
    <Filter Include="Source\Scripts\07.UI\GamePlayUI\03.Score">
      <UniqueIdentifier>{30fad3dc-2784-4df0-8107-a01f0b80bc92}</UniqueIdentifier>
    </Filter>
    <Filter Include="Source\Scripts\08.Item">
      <UniqueIdentifier>{443f3f9d-ad65-46c6-b701-2fa42fedba33}</UniqueIdentifier>
    </Filter>
    <Filter Include="Source\Scripts\02.Cookie\State\Dead">
      <UniqueIdentifier>{334c753b-ad54-4dad-ba71-fa1e64d392cf}</UniqueIdentifier>
    </Filter>
    <Filter Include="Source\Scripts\02.Cookie\State\Fall">
      <UniqueIdentifier>{ce3120bd-c610-47f9-905e-039ba5fd0c06}</UniqueIdentifier>
    </Filter>
    <Filter Include="Source\Scripts\07.UI\LobbyUI">
      <UniqueIdentifier>{d5e7d75f-c24e-4473-855e-5a1b7dd08f21}</UniqueIdentifier>
    </Filter>
    <Filter Include="Source\Scripts\07.UI\GamePlayUI\01.Button\Pause">
      <UniqueIdentifier>{a675ae9f-a158-4006-8d55-626988737aff}</UniqueIdentifier>
    </Filter>
    <Filter Include="Source\Scripts\07.UI\GamePlayUI\01.Button\Quit">
      <UniqueIdentifier>{4b8fe9d7-8006-41b6-ad91-42823935d956}</UniqueIdentifier>
    </Filter>
    <Filter Include="Source\Scripts\07.UI\GamePlayUI\01.Button\Restart">
      <UniqueIdentifier>{87e23d79-21e9-41b3-97b4-c696480fe169}</UniqueIdentifier>
    </Filter>
    <Filter Include="Source\Scripts\07.UI\GamePlayUI\01.Button\Resume">
      <UniqueIdentifier>{f63360cd-d3ca-47f4-9092-a9b714024782}</UniqueIdentifier>
    </Filter>
    <Filter Include="Source\Scripts\07.UI\GamePlayUI\01.Button\SceneChange">
      <UniqueIdentifier>{579287a1-3bcd-4944-870f-9d4039e9c461}</UniqueIdentifier>
    </Filter>
    <Filter Include="Source\Scripts\07.UI\GamePlayUI\04.Text">
      <UniqueIdentifier>{9d3e9a85-d53c-4ceb-89e8-fbeff46f6723}</UniqueIdentifier>
    </Filter>
    <Filter Include="GameEngine\03.Manager\13.GameData">
      <UniqueIdentifier>{3cc6dd03-35d8-4d5a-ab3e-bdc1903f7a46}</UniqueIdentifier>
    </Filter>
    <Filter Include="GameEngine\03.Manager\14.SceneFlow">
      <UniqueIdentifier>{a6f85da5-3d3e-40ec-bff2-09438b3d46e5}</UniqueIdentifier>
    </Filter>
    <Filter Include="Source\Scripts\09.BackGround">
      <UniqueIdentifier>{60811301-a0ac-4ed7-9dcb-916f3ebec549}</UniqueIdentifier>
    </Filter>
    <Filter Include="GameEngine\06.Component\RenderComponent\06.CParticleRender">
      <UniqueIdentifier>{30e160ff-2459-4104-9165-8c7ba3a923ec}</UniqueIdentifier>
    </Filter>
    <Filter Include="GameEngine\04.Asset\11.ComputeShader">
      <UniqueIdentifier>{1fc82c8c-1d01-47a7-a57f-ae5e6dfe9371}</UniqueIdentifier>
    </Filter>
  </ItemGroup>
  <ItemGroup>
    <ResourceCompile Include="GameClient.rc">
      <Filter>Default</Filter>
    </ResourceCompile>
  </ItemGroup>
  <ItemGroup>
    <ClCompile Include="Engine.cpp">
      <Filter>GameEngine\01.Engine</Filter>
    </ClCompile>
    <ClCompile Include="Device.cpp">
      <Filter>GameEngine\02.Device</Filter>
    </ClCompile>
    <ClCompile Include="pch.cpp">
      <Filter>Default</Filter>
    </ClCompile>
    <ClCompile Include="Engine_Init.cpp">
      <Filter>GameEngine\01.Engine</Filter>
    </ClCompile>
    <ClCompile Include="PathMgr.cpp">
      <Filter>GameEngine\03.Manager\01.PathMgr</Filter>
    </ClCompile>
    <ClCompile Include="TimeMgr.cpp">
      <Filter>GameEngine\03.Manager\02.TimeMgr</Filter>
    </ClCompile>
    <ClCompile Include="KeyMgr.cpp">
      <Filter>GameEngine\03.Manager\03.KeyMgr</Filter>
    </ClCompile>
    <ClCompile Include="Entity.cpp">
      <Filter>GameEngine</Filter>
    </ClCompile>
    <ClCompile Include="Asset.cpp">
      <Filter>GameEngine\04.Asset</Filter>
    </ClCompile>
    <ClCompile Include="AMesh.cpp">
      <Filter>GameEngine\04.Asset\01.Mesh</Filter>
    </ClCompile>
    <ClCompile Include="ATexture.cpp">
      <Filter>GameEngine\04.Asset\02.Texture</Filter>
    </ClCompile>
    <ClCompile Include="AGraphicShader.cpp">
      <Filter>GameEngine\04.Asset\03.GraphicShader</Filter>
    </ClCompile>
    <ClCompile Include="GameObject.cpp">
      <Filter>GameEngine\05.GameObject</Filter>
    </ClCompile>
    <ClCompile Include="Component.cpp">
      <Filter>GameEngine\06.Component</Filter>
    </ClCompile>
    <ClCompile Include="CTransform.cpp">
      <Filter>GameEngine\06.Component\01.Transform</Filter>
    </ClCompile>
    <ClCompile Include="AssetMgr.cpp">
      <Filter>GameEngine\03.Manager\04.AssetMgr</Filter>
    </ClCompile>
    <ClCompile Include="ConstBuffer.cpp">
      <Filter>GameEngine\02.Device\ConstBuffer</Filter>
    </ClCompile>
    <ClCompile Include="LevelMgr.cpp">
      <Filter>GameEngine\03.Manager\05.LevelMgr</Filter>
    </ClCompile>
    <ClCompile Include="ALevel.cpp">
      <Filter>GameEngine\04.Asset\04.Level</Filter>
    </ClCompile>
    <ClCompile Include="CCamera.cpp">
      <Filter>GameEngine\06.Component\02.Camera</Filter>
    </ClCompile>
    <ClCompile Include="RenderMgr.cpp">
      <Filter>GameEngine\03.Manager\06.RenderMgr</Filter>
    </ClCompile>
    <ClCompile Include="Layer.cpp">
      <Filter>GameEngine\04.Asset\04.Level\Layer</Filter>
    </ClCompile>
    <ClCompile Include="extern.cpp">
      <Filter>Header</Filter>
    </ClCompile>
    <ClCompile Include="AMaterial.cpp">
      <Filter>GameEngine\04.Asset\05.Material</Filter>
    </ClCompile>
    <ClCompile Include="AssetMgr_Init.cpp">
      <Filter>GameEngine\03.Manager\04.AssetMgr</Filter>
    </ClCompile>
    <ClCompile Include="CRenderComponent.cpp">
      <Filter>GameEngine\06.Component\RenderComponent</Filter>
    </ClCompile>
    <ClCompile Include="CMeshRender.cpp">
      <Filter>GameEngine\06.Component\RenderComponent\01.MeshRender</Filter>
    </ClCompile>
    <ClCompile Include="CBillboardRender.cpp">
      <Filter>GameEngine\06.Component\RenderComponent\02.BillboardRender</Filter>
    </ClCompile>
    <ClCompile Include="func.cpp">
      <Filter>Header</Filter>
    </ClCompile>
    <ClCompile Include="TaskMgr.cpp">
      <Filter>GameEngine\03.Manager\07.TaskMgr</Filter>
    </ClCompile>
    <ClCompile Include="CCollider2D.cpp">
      <Filter>GameEngine\06.Component\03.Collider</Filter>
    </ClCompile>
    <ClCompile Include="CSpriteRender.cpp">
      <Filter>GameEngine\06.Component\RenderComponent\03.SpriteRender</Filter>
    </ClCompile>
    <ClCompile Include="ASprite.cpp">
      <Filter>GameEngine\04.Asset\06.Sprite</Filter>
    </ClCompile>
    <ClCompile Include="CollisionMgr.cpp">
      <Filter>GameEngine\03.Manager\08.CollisionMgr</Filter>
    </ClCompile>
    <ClCompile Include="ATileMap.cpp">
      <Filter>GameEngine\04.Asset\08.TileMap</Filter>
    </ClCompile>
    <ClCompile Include="AFlipbook.cpp">
      <Filter>GameEngine\04.Asset\07.Flipbook</Filter>
    </ClCompile>
    <ClCompile Include="CFlipbookRender.cpp">
      <Filter>GameEngine\06.Component\RenderComponent\04.FlipbookRender</Filter>
    </ClCompile>
    <ClCompile Include="CTileRender.cpp">
      <Filter>GameEngine\06.Component\RenderComponent\05.TileRender</Filter>
    </ClCompile>
    <ClCompile Include="CLight2D.cpp">
      <Filter>GameEngine\06.Component\04.Light2D</Filter>
    </ClCompile>
    <ClCompile Include="ImGui\imgui.cpp">
      <Filter>ImGui</Filter>
    </ClCompile>
    <ClCompile Include="ImGui\imgui_demo.cpp">
      <Filter>ImGui</Filter>
    </ClCompile>
    <ClCompile Include="ImGui\imgui_draw.cpp">
      <Filter>ImGui</Filter>
    </ClCompile>
    <ClCompile Include="ImGui\imgui_impl_dx11.cpp">
      <Filter>ImGui</Filter>
    </ClCompile>
    <ClCompile Include="ImGui\imgui_impl_win32.cpp">
      <Filter>ImGui</Filter>
    </ClCompile>
    <ClCompile Include="ImGui\imgui_tables.cpp">
      <Filter>ImGui</Filter>
    </ClCompile>
    <ClCompile Include="ImGui\imgui_widgets.cpp">
      <Filter>ImGui</Filter>
    </ClCompile>
    <ClCompile Include="EditorMgr.cpp">
      <Filter>GameEngine\03.Manager\09.EditorMgr</Filter>
    </ClCompile>
    <ClCompile Include="StructuredBuffer.cpp">
      <Filter>GameEngine\02.Device\StructuredBuffer</Filter>
    </ClCompile>
    <ClCompile Include="EditorUI.cpp">
      <Filter>GameEngine\07.EditorUI</Filter>
    </ClCompile>
    <ClCompile Include="Inspector.cpp">
      <Filter>GameEngine\07.EditorUI\01.Inspector</Filter>
    </ClCompile>
    <ClCompile Include="Outliner.cpp">
      <Filter>GameEngine\07.EditorUI\02.Outliner</Filter>
    </ClCompile>
    <ClCompile Include="main.cpp" />
    <ClCompile Include="Menu.cpp">
      <Filter>GameEngine\07.EditorUI\03.Menu</Filter>
    </ClCompile>
    <ClCompile Include="TransformUI.cpp">
      <Filter>GameEngine\07.EditorUI\04.ComponentUI\01.TransformUI</Filter>
    </ClCompile>
    <ClCompile Include="ComponentUI.cpp">
      <Filter>GameEngine\07.EditorUI\04.ComponentUI</Filter>
    </ClCompile>
    <ClCompile Include="Collider2DUI.cpp">
      <Filter>GameEngine\07.EditorUI\04.ComponentUI\02.Collider2DUI</Filter>
    </ClCompile>
    <ClCompile Include="CameraUI.cpp">
      <Filter>GameEngine\07.EditorUI\04.ComponentUI\03.CameraUI</Filter>
    </ClCompile>
    <ClCompile Include="Light2DUI.cpp">
      <Filter>GameEngine\07.EditorUI\04.ComponentUI\04.Light2DUI</Filter>
    </ClCompile>
    <ClCompile Include="Inspector_Init.cpp">
      <Filter>GameEngine\07.EditorUI\01.Inspector</Filter>
    </ClCompile>
    <ClCompile Include="MeshRenderUI.cpp">
      <Filter>GameEngine\07.EditorUI\04.ComponentUI\05.MeshRenderUI</Filter>
    </ClCompile>
    <ClCompile Include="SpriteRenderUI.cpp">
      <Filter>GameEngine\07.EditorUI\04.ComponentUI\06.SpriteRenderUI</Filter>
    </ClCompile>
    <ClCompile Include="TileRenderUI.cpp">
      <Filter>GameEngine\07.EditorUI\04.ComponentUI\07.TileRenderUI</Filter>
    </ClCompile>
    <ClCompile Include="FlipbookRenderUI.cpp">
      <Filter>GameEngine\07.EditorUI\04.ComponentUI\08.FlipbookRenderUI</Filter>
    </ClCompile>
    <ClCompile Include="ListUI.cpp">
      <Filter>GameEngine\07.EditorUI\05.ListUI</Filter>
    </ClCompile>
    <ClCompile Include="ContentUI.cpp">
      <Filter>GameEngine\07.EditorUI\06.Content</Filter>
    </ClCompile>
    <ClCompile Include="TreeUI.cpp">
      <Filter>GameEngine\07.EditorUI\07.TreeUI</Filter>
    </ClCompile>
    <ClCompile Include="AssetUI.cpp">
      <Filter>GameEngine\07.EditorUI\08.AssetUI</Filter>
    </ClCompile>
    <ClCompile Include="MeshUI.cpp">
      <Filter>GameEngine\07.EditorUI\08.AssetUI\01.MeshUI</Filter>
    </ClCompile>
    <ClCompile Include="MaterialUI.cpp">
      <Filter>GameEngine\07.EditorUI\08.AssetUI\02.MaterialUI</Filter>
    </ClCompile>
    <ClCompile Include="TextureUI.cpp">
      <Filter>GameEngine\07.EditorUI\08.AssetUI\03.TextureUI</Filter>
    </ClCompile>
    <ClCompile Include="SoundUI.cpp">
      <Filter>GameEngine\07.EditorUI\08.AssetUI\04.SoundUI</Filter>
    </ClCompile>
    <ClCompile Include="GraphicShaderUI.cpp">
      <Filter>GameEngine\07.EditorUI\08.AssetUI\05.GraphicShaderUI</Filter>
    </ClCompile>
    <ClCompile Include="ComputeShaderUI.cpp">
      <Filter>GameEngine\07.EditorUI\08.AssetUI\06.ComputeShaderUI</Filter>
    </ClCompile>
    <ClCompile Include="LevelUI.cpp">
      <Filter>GameEngine\07.EditorUI\08.AssetUI\07.LevelUI</Filter>
    </ClCompile>
    <ClCompile Include="SpriteUI.cpp">
      <Filter>GameEngine\07.EditorUI\08.AssetUI\08.SpriteUI</Filter>
    </ClCompile>
    <ClCompile Include="FlipbookUI.cpp">
      <Filter>GameEngine\07.EditorUI\08.AssetUI\09.FlipbookUI</Filter>
    </ClCompile>
    <ClCompile Include="TileMapUI.cpp">
      <Filter>GameEngine\07.EditorUI\08.AssetUI\10.TileMapUI</Filter>
    </ClCompile>
    <ClCompile Include="PrefabUI.cpp">
      <Filter>GameEngine\07.EditorUI\08.AssetUI\11.PrefabUI</Filter>
    </ClCompile>
    <ClCompile Include="CEditorCamMoveScript.cpp">
      <Filter>GameEngine\03.Manager\09.EditorMgr</Filter>
    </ClCompile>
    <ClCompile Include="CScript.cpp">
      <Filter>GameEngine\06.Component\Script</Filter>
    </ClCompile>
    <ClCompile Include="Source\ScriptMgr.cpp">
      <Filter>Source\ScriptMgr</Filter>
    </ClCompile>
    <ClCompile Include="Source\Scripts\CCamMoveScript.cpp">
      <Filter>Source\Scripts</Filter>
    </ClCompile>
    <ClCompile Include="Source\Scripts\CMissileScript.cpp">
      <Filter>Source\Scripts</Filter>
    </ClCompile>
    <ClCompile Include="Source\Scripts\CMonsterScript.cpp">
      <Filter>Source\Scripts</Filter>
    </ClCompile>
    <ClCompile Include="Source\Scripts\CJumpState.cpp">
      <Filter>Source\Scripts\02.Cookie\State\Jump</Filter>
    </ClCompile>
    <ClCompile Include="Source\Scripts\CRunState.cpp">
      <Filter>Source\Scripts\02.Cookie\State\Run</Filter>
    </ClCompile>
    <ClCompile Include="Source\Scripts\CStateMachine.cpp">
      <Filter>Source\Scripts\02.Cookie\State</Filter>
    </ClCompile>
    <ClCompile Include="Source\Scripts\CLandState.cpp">
      <Filter>Source\Scripts\02.Cookie\State\Land</Filter>
    </ClCompile>
    <ClCompile Include="Source\Scripts\CDoubleJumpState.cpp">
      <Filter>Source\Scripts\02.Cookie\State\Jump</Filter>
    </ClCompile>
    <ClCompile Include="ScriptUI.cpp">
      <Filter>GameEngine\07.EditorUI\08.AssetUI\12.ScriptUI</Filter>
    </ClCompile>
    <ClCompile Include="APrefab.cpp">
      <Filter>GameEngine\04.Asset\09.Prefab</Filter>
    </ClCompile>
    <ClCompile Include="Source\Scripts\CMovingPlatformScirpt.cpp">
      <Filter>Source\Scripts\01.Tile</Filter>
    </ClCompile>
    <ClCompile Include="Source\Scripts\CScrollScript.cpp">
      <Filter>Source\Scripts\03.Scroll</Filter>
    </ClCompile>
    <ClCompile Include="Source\Scripts\CSlideState.cpp">
      <Filter>Source\Scripts\02.Cookie\State\Slide</Filter>
    </ClCompile>
    <ClCompile Include="CollisionMatrixUI.cpp">
      <Filter>GameEngine\07.EditorUI\08.AssetUI\13.CollisionMatrixUI</Filter>
    </ClCompile>
    <ClCompile Include="Source\Scripts\CJellyScript.cpp">
      <Filter>Source\Scripts\04.Jelly</Filter>
    </ClCompile>
    <ClCompile Include="Source\Scripts\CGamePlaySpawnScript.cpp">
      <Filter>Source\Scripts</Filter>
    </ClCompile>
    <ClCompile Include="AStageData.cpp">
      <Filter>GameEngine\04.Asset\10.StageData</Filter>
    </ClCompile>
    <ClCompile Include="GamePlayMgr.cpp">
      <Filter>GameEngine\03.Manager\10.GamePlayMgr</Filter>
    </ClCompile>
    <ClCompile Include="StageDataUI.cpp">
      <Filter>GameEngine\07.EditorUI\08.AssetUI\14.StageDataUI</Filter>
    </ClCompile>
    <ClCompile Include="ObjectPoolMgr.cpp">
      <Filter>GameEngine\03.Manager\11.ObjectPoolMgr</Filter>
    </ClCompile>
    <ClCompile Include="ObjectPool.cpp">
      <Filter>GameEngine\03.Manager\11.ObjectPoolMgr</Filter>
    </ClCompile>
    <ClCompile Include="Source\Scripts\CWorldScrollScript.cpp">
      <Filter>Source\Scripts\03.Scroll</Filter>
    </ClCompile>
    <ClCompile Include="Source\Scripts\CEffectScript.cpp">
      <Filter>Source\Scripts\05.Effect</Filter>
    </ClCompile>
    <ClCompile Include="Source\Scripts\CEnemy.cpp">
      <Filter>Source\Scripts\06.Obstruct</Filter>
    </ClCompile>
    <ClCompile Include="Source\Scripts\CStaticObstacle.cpp">
      <Filter>Source\Scripts\06.Obstruct\1.Static</Filter>
    </ClCompile>
    <ClCompile Include="Source\Scripts\CHitState.cpp">
      <Filter>Source\Scripts\02.Cookie\State\Hit</Filter>
    </ClCompile>
    <ClCompile Include="Source\Scripts\CParabolicObstacle.cpp">
      <Filter>Source\Scripts\06.Obstruct\2.Parabolic</Filter>
    </ClCompile>
    <ClCompile Include="Source\Scripts\CObstructScript.cpp">
      <Filter>Source\Scripts\06.Obstruct</Filter>
    </ClCompile>
    <ClCompile Include="Source\Scripts\CLinearObstacle.cpp">
      <Filter>Source\Scripts\06.Obstruct\3.Linear</Filter>
    </ClCompile>
    <ClCompile Include="Source\Scripts\CPendulumObstacle.cpp">
      <Filter>Source\Scripts\06.Obstruct\4.Parabolic</Filter>
    </ClCompile>
    <ClCompile Include="Source\Scripts\CPlayerScript.cpp">
      <Filter>Source\Scripts\02.Cookie</Filter>
    </ClCompile>
    <ClCompile Include="Source\Scripts\CStaticPlatformScript.cpp">
      <Filter>Source\Scripts\01.Tile</Filter>
    </ClCompile>
    <ClCompile Include="Source\Scripts\CJumpButtonScript.cpp">
      <Filter>Source\Scripts\07.UI\GamePlayUI\01.Button\Jump</Filter>
    </ClCompile>
    <ClCompile Include="Source\Scripts\CUIButtonScript.cpp">
      <Filter>Source\Scripts\07.UI\GamePlayUI\01.Button</Filter>
    </ClCompile>
    <ClCompile Include="Source\Scripts\CSlideButtonScript.cpp">
      <Filter>Source\Scripts\07.UI\GamePlayUI\01.Button\Slide</Filter>
    </ClCompile>
    <ClCompile Include="Source\Scripts\CGamePlayUIScript.cpp">
      <Filter>Source\Scripts\07.UI\GamePlayUI</Filter>
    </ClCompile>
    <ClCompile Include="Source\Scripts\CLycheeScript.cpp">
      <Filter>Source\Scripts\02.Cookie\Character\CLychee</Filter>
    </ClCompile>
    <ClCompile Include="Source\Scripts\CTimeKeeperScript.cpp">
      <Filter>Source\Scripts\02.Cookie\Character\TimeKeeper</Filter>
    </ClCompile>
    <ClCompile Include="FontMgr.cpp">
      <Filter>GameEngine\03.Manager\12.FontMgr</Filter>
    </ClCompile>
    <ClCompile Include="Source\Scripts\CHPBarScript.cpp">
      <Filter>Source\Scripts\07.UI\GamePlayUI\02.HP</Filter>
    </ClCompile>
    <ClCompile Include="Source\Scripts\CCookieSkillScript.cpp">
      <Filter>Source\Scripts\02.Cookie\Character</Filter>
    </ClCompile>
    <ClCompile Include="Source\Scripts\CScoreUIScript.cpp">
      <Filter>Source\Scripts\07.UI\GamePlayUI\03.Score</Filter>
    </ClCompile>
    <ClCompile Include="Source\Scripts\CItemScript.cpp">
      <Filter>Source\Scripts\08.Item</Filter>
    </ClCompile>
    <ClCompile Include="Source\Scripts\CDeadState.cpp">
      <Filter>Source\Scripts\02.Cookie\State\Dead</Filter>
    </ClCompile>
    <ClCompile Include="Source\Scripts\CFallState.cpp">
      <Filter>Source\Scripts\02.Cookie\State\Fall</Filter>
    </ClCompile>
    <ClCompile Include="Source\Scripts\CFlipbookClickScript.cpp">
      <Filter>Source\Scripts\07.UI\LobbyUI</Filter>
    </ClCompile>
    <ClCompile Include="Source\Scripts\CPausePanelScript.cpp">
      <Filter>Source\Scripts\07.UI\GamePlayUI\01.Button</Filter>
    </ClCompile>
    <ClCompile Include="Source\Scripts\CPauseButtonScript.cpp">
      <Filter>Source\Scripts\07.UI\GamePlayUI\01.Button\Pause</Filter>
    </ClCompile>
    <ClCompile Include="Source\Scripts\CQuitButtonScript.cpp">
      <Filter>Source\Scripts\07.UI\GamePlayUI\01.Button\Quit</Filter>
    </ClCompile>
    <ClCompile Include="Source\Scripts\CRestartButtonScript.cpp">
      <Filter>Source\Scripts\07.UI\GamePlayUI\01.Button\Restart</Filter>
    </ClCompile>
    <ClCompile Include="Source\Scripts\CResumeButtonScript.cpp">
      <Filter>Source\Scripts\07.UI\GamePlayUI\01.Button\Resume</Filter>
    </ClCompile>
    <ClCompile Include="Source\Scripts\CSceneChangeButtonScript.cpp">
      <Filter>Source\Scripts\07.UI\GamePlayUI\01.Button\SceneChange</Filter>
    </ClCompile>
    <ClCompile Include="Source\Scripts\CTextUIScript.cpp">
      <Filter>Source\Scripts\07.UI\GamePlayUI\04.Text</Filter>
    </ClCompile>
    <ClCompile Include="GameDataMgr.cpp">
      <Filter>GameEngine\03.Manager\13.GameData</Filter>
    </ClCompile>
    <ClCompile Include="SceneFlowMgr.cpp">
      <Filter>GameEngine\03.Manager\14.SceneFlow</Filter>
    </ClCompile>
    <ClCompile Include="Source\Scripts\CBGScrollScript.cpp">
      <Filter>Source\Scripts\09.BackGround</Filter>
    </ClCompile>
    <ClCompile Include="Source\Scripts\CSkillBGScript.cpp">
      <Filter>Source\Scripts\09.BackGround</Filter>
    </ClCompile>
    <ClCompile Include="Source\Scripts\CSkillBGEffectScript.cpp">
      <Filter>Source\Scripts\05.Effect</Filter>
    </ClCompile>
    <ClCompile Include="Source\Scripts\CHitEffectScript.cpp">
      <Filter>Source\Scripts\05.Effect</Filter>
    </ClCompile>
    <ClCompile Include="Source\Scripts\CTimeKeeperBGEffectScript.cpp">
      <Filter>Source\Scripts\05.Effect</Filter>
    </ClCompile>
    <ClCompile Include="ASound.cpp" />
    <ClCompile Include="Source\Scripts\CCharSelectBtnScript.cpp" />
    <ClCompile Include="Source\Scripts\CShockWaveScript.cpp">
      <Filter>Source\Scripts\05.Effect</Filter>
    </ClCompile>
    <ClCompile Include="CParticleRender.cpp">
      <Filter>GameEngine\06.Component\RenderComponent\06.CParticleRender</Filter>
    </ClCompile>
    <ClCompile Include="AComputeShader.cpp">
      <Filter>GameEngine\04.Asset\11.ComputeShader</Filter>
    </ClCompile>
    <ClCompile Include="AParticleTickCS.cpp">
      <Filter>GameEngine\04.Asset\11.ComputeShader</Filter>
    </ClCompile>
  </ItemGroup>
  <ItemGroup>
    <None Include="SimpleMath.inl">
      <Filter>GameEngine\Module</Filter>
    </None>
  </ItemGroup>
  <ItemGroup>
    <FxCompile Include="value.fx">
      <Filter>HLSL\1.Header</Filter>
    </FxCompile>
    <FxCompile Include="std2d.fx">
      <Filter>HLSL\Render\2.2D</Filter>
    </FxCompile>
    <FxCompile Include="billboard.fx">
      <Filter>HLSL\Render\2.2D</Filter>
    </FxCompile>
    <FxCompile Include="dbg.fx">
      <Filter>HLSL\Render</Filter>
    </FxCompile>
    <FxCompile Include="sprite.fx">
      <Filter>HLSL\Render\2.2D</Filter>
    </FxCompile>
    <FxCompile Include="flipbook.fx">
      <Filter>HLSL\Render\2.2D</Filter>
    </FxCompile>
    <FxCompile Include="tile.fx">
      <Filter>HLSL\Render\2.2D</Filter>
    </FxCompile>
    <FxCompile Include="struct.fx">
      <Filter>HLSL\1.Header</Filter>
    </FxCompile>
    <FxCompile Include="func.fx">
      <Filter>HLSL\1.Header</Filter>
    </FxCompile>
    <FxCompile Include="bg_scroll.fx">
      <Filter>HLSL\Render\2.2D</Filter>
    </FxCompile>
    <FxCompile Include="effect.fx">
      <Filter>HLSL\Render\2.2D</Filter>
    </FxCompile>
    <FxCompile Include="Button.fx">
      <Filter>HLSL\Render\2.2D</Filter>
    </FxCompile>
    <FxCompile Include="HPBar.fx">
      <Filter>HLSL\Render\2.2D</Filter>
    </FxCompile>
    <FxCompile Include="setcolor.fx">
      <Filter>HLSL\Render\2.2D</Filter>
    </FxCompile>
    <FxCompile Include="distortion.fx">
      <Filter>HLSL\Render\2.2D</Filter>
    </FxCompile>
  </ItemGroup>
</Project>